[{<<"epgsql">>,
  {git,"https://github.com/epgsql/epgsql.git",
       {ref,"e0379f93f2fe54055d4e0304dd2fcfe1ffd97ec1"}},
  0},
 {<<"gen_smtp">>,
  {git,"https://github.com/Vagabond/gen_smtp.git",
       {ref,"b9528a75ac9943d7c61764d60f94c8747635819f"}},
  0},
 {<<"goldrush">>,
  {git,"git://github.com/DeadZen/goldrush.git",
       {ref,"64864ba7fcf40988361340e48680b49a2c2938cf"}},
  1},
 {<<"granderl">>,
  {git,"https://github.com/tokenrove/granderl.git",
       {ref,"b44725cdd3ae6d2d4170e0d72ebb2fcad98d5ad2"}},
  1},
 {<<"ibrowse">>,
  {git,"https://github.com/cmullaparthi/ibrowse.git",
       {ref,"fd81d44182507c23445ed720df8c30e2e8da9d9b"}},
  0},
 {<<"jiffy">>,
  {git,"https://github.com/davisp/jiffy.git",
       {ref,"1febce3ca86c5ca5d5a3618ed3d5f125bb99e4c5"}},
  0},
 {<<"lager">>,
  {git,"https://github.com/basho/lager.git",
       {ref,"599dda6786a81200e00b3d9b4b36951e052727a3"}},
  0},
 {<<"meck">>,
  {git,"https://github.com/eproxus/meck.git",
       {ref,"17b0ea5b7d9c93af3a52b5152c6bee14302b3885"}},
  0},
 {<<"parse_trans">>,
  {git,"https://github.com/uwiger/parse_trans.git",
       {ref,"6f3645afb43c7c57d61b54ef59aecab288ce1013"}},
  1},
 {<<"pgapp">>,
  {git,"https://github.com/epgsql/pgapp.git",
       {ref,"90c309a97c506d0bc1ccaa0541728f2636ef4b3e"}},
  0},
 {<<"poolboy">>,
  {git,"git://github.com/devinus/poolboy.git",
       {ref,"fa87a6e51534d02c04a118a2f037d0ff296f2309"}},
  1},
 {<<"statsderl">>,
  {git,"https://github.com/lpgauth/statsderl.git",
       {ref,"6c1f703682d4f2b264c13b66580af47288cfce88"}},
  0}].
